;; Auto-generated by sigil deps install. Do not edit.
(lock
  (package name: "sigil-stdlib"
           url: "codeberg:sigil/sigil"
           ref: ">=0.22.6, <1.0"
           sha: "d43421520aeafea9bacd07842ea54669e593d9af"
           package-selector: "sigil-stdlib"
           version: "0.22.6")
  (package name: "sigil-test"
           url: "codeberg:sigil/sigil"
           ref: ">=0.22.6"
           sha: "d43421520aeafea9bacd07842ea54669e593d9af"
           package-selector: "sigil-test"
           version: "0.22.6")
  (package name: "sigil-test-runner"
           url: "codeberg:sigil/sigil"
           ref: ">=0.22.6"
           sha: "d43421520aeafea9bacd07842ea54669e593d9af"
           package-selector: "sigil-test-runner"
           version: "0.22.6")
  (package name: "sigil-desktop"
           url: "codeberg:sigil/sigil-desktop"
           ref: "^0.13.0"
           sha: "a1e672622304a8e33a81d111e393b1a858a9d0c1"
           version: "0.13.0")
  (package name: "sigil-graphics"
           url: "codeberg:sigil/sigil-graphics"
           ref: "^0.11.4"
           sha: "12dc802637129ca9f27832c9b41c3af6f90e0c7c"
           version: "0.11.4")
  (package name: "sigil-wasm-runtime"
           url: "codeberg:sigil/sigil"
           ref: ">=0.22.6"
           sha: "d43421520aeafea9bacd07842ea54669e593d9af"
           package-selector: "sigil-wasm-runtime"
           version: "0.22.6")
  (package name: "sigil-lib"
           url: "codeberg:sigil/sigil"
           ref: ">=0.21"
           sha: "d43421520aeafea9bacd07842ea54669e593d9af"
           package-selector: "sigil-lib"
           version: "0.22.6")
  (package name: "sigil-wasm-gles3"
           url: "codeberg:sigil/sigil"
           ref: ">=0.22.6"
           sha: "d43421520aeafea9bacd07842ea54669e593d9af"
           package-selector: "sigil-wasm-gles3"
           version: "0.22.6")
  (package name: "sigil-browser"
           url: "codeberg:sigil/sigil"
           ref: ">=0.22.6"
           sha: "d43421520aeafea9bacd07842ea54669e593d9af"
           package-selector: "sigil-browser"
           version: "0.22.6")
  (package name: "motif"
           url: "codeberg:sigil/motif"
           ref: "^0.7.0"
           sha: "a452be1e950a5a216e586a1b079ab638cfae4d9a"
           version: "0.7.0")
  (package name: "sigil-audio"
           url: "codeberg:sigil/sigil-audio"
           ref: "^0.12.2"
           sha: "7413b674b8681f501b2b28c405d183ab4324a022"
           version: "0.12.2")
  (package name: "sigil-wasm-audio"
           url: "codeberg:sigil/sigil"
           ref: ">=0.22.6"
           sha: "d43421520aeafea9bacd07842ea54669e593d9af"
           package-selector: "sigil-wasm-audio"
           version: "0.22.6")
  (package name: "sigil-json"
           url: "codeberg:sigil/sigil-json"
           ref: "^0.16.0"
           sha: "55c9e74712b5f79b45d41c65cfe0aef2c8f7e155"
           version: "0.16.0")
  (package name: "sigil-crypto"
           url: "codeberg:sigil/sigil-crypto"
           ref: "^0.16.0"
           sha: "e0a4e8891214b012cdfb1794456eb84d8b9633ad"
           version: "0.16.7")
  (package name: "sigil-sqlite"
           url: "codeberg:sigil/sigil-sqlite"
           ref: "^0.16.0"
           sha: "569ef1063dda8f5989968644af31fc09c64b4bfe"
           version: "0.16.3")
  (package name: "sigil-args"
           url: "codeberg:sigil/sigil"
           ref: ">=0.19"
           sha: "d43421520aeafea9bacd07842ea54669e593d9af"
           package-selector: "sigil-args"
           version: "0.22.6")
  (package name: "sigil-dsp"
           url: "codeberg:sigil/sigil-dsp"
           ref: "^0.3.4"
           sha: "d71f7cd58177b582ce004a0f62d9bf9e7ed9b1e7"
           version: "0.3.4")
  (package name: "sigil-mcp"
           url: "codeberg:sigil/sigil-mcp"
           ref: "^0.18"
           sha: "7e36bcce2bedbfc88e02300dc0c39cd2753faaf5"
           version: "0.18.0")
  (package name: "sigil-log"
           url: "codeberg:sigil/sigil-log"
           ref: "^0.16"
           sha: "56e4fc5a52dc370c037ef14502bb8d6d2876dc53"
           version: "0.16.0")
  (package name: "sigil-http"
           url: "codeberg:sigil/sigil-http"
           ref: "^0.18.5"
           sha: "5710232220dc274c901b436b5e3c856d71b3dbd7"
           version: "0.18.7")
  (package name: "sigil-nrepl"
           url: "codeberg:sigil/sigil-nrepl"
           ref: "^0.17.1"
           sha: "666cb4d09af907e22c5146e74a0b5766ba53a751"
           version: "0.17.2")
  (package name: "sigil-tls"
           url: "codeberg:sigil/sigil-tls"
           ref: "^0.16.5"
           sha: "8b1c4658df861b1c31cd7674d9607249ca7d6a27"
           version: "0.16.7")
  (package name: "sigil-repl"
           url: "codeberg:sigil/sigil"
           ref: ">=0.19"
           sha: "d43421520aeafea9bacd07842ea54669e593d9af"
           package-selector: "sigil-repl"
           version: "0.22.6")
)
