;; Auto-generated by sigil deps install. Do not edit.
(lock
  (package name: "sigil-stdlib"
           url: "codeberg:sigil/sigil"
           ref: ">=0.22.8, <1.0"
           sha: "26cf03de31baf46418ea636a46b264f9d50dcdbe"
           package-selector: "sigil-stdlib"
           version: "0.22.8")
  (package name: "sigil-test"
           url: "codeberg:sigil/sigil"
           ref: ">=0.22.8"
           sha: "26cf03de31baf46418ea636a46b264f9d50dcdbe"
           package-selector: "sigil-test"
           version: "0.22.8")
  (package name: "sigil-test-runner"
           url: "codeberg:sigil/sigil"
           ref: ">=0.22.8"
           sha: "26cf03de31baf46418ea636a46b264f9d50dcdbe"
           package-selector: "sigil-test-runner"
           version: "0.22.8")
  (package name: "sigil-desktop"
           url: "codeberg:sigil/sigil-desktop"
           ref: "^0.14.0"
           sha: "f1790e4133163cab708856499a49847b816987b1"
           version: "0.14.0")
  (package name: "substratic"
           url: "github:substratic/substratic"
           ref: "^0.2.1"
           sha: "1f5f954c3f5ad915d684b6079f2419a7276016de"
           version: "0.2.1")
  (package name: "sigil-graphics"
           url: "codeberg:sigil/sigil-graphics"
           ref: "^0.13.0"
           sha: "67bed815c6076a952ed14a827b0e4c2e36da0cc1"
           version: "0.13.0")
  (package name: "sigil-wasm-runtime"
           url: "codeberg:sigil/sigil"
           ref: ">=0.22.8"
           sha: "26cf03de31baf46418ea636a46b264f9d50dcdbe"
           package-selector: "sigil-wasm-runtime"
           version: "0.22.8")
  (package name: "sigil-lib"
           url: "codeberg:sigil/sigil"
           ref: ">=0.21"
           sha: "26cf03de31baf46418ea636a46b264f9d50dcdbe"
           package-selector: "sigil-lib"
           version: "0.22.8")
  (package name: "sigil-wasm-gles3"
           url: "codeberg:sigil/sigil"
           ref: ">=0.22.8"
           sha: "26cf03de31baf46418ea636a46b264f9d50dcdbe"
           package-selector: "sigil-wasm-gles3"
           version: "0.22.8")
  (package name: "sigil-browser"
           url: "codeberg:sigil/sigil"
           ref: ">=0.22.8"
           sha: "26cf03de31baf46418ea636a46b264f9d50dcdbe"
           package-selector: "sigil-browser"
           version: "0.22.8")
  (package name: "motif"
           url: "codeberg:sigil/motif"
           ref: "^0.8.0"
           sha: "a197380f3afcbb80142b41817c053957043ae8d6"
           version: "0.8.0")
  (package name: "sigil-audio"
           url: "codeberg:sigil/sigil-audio"
           ref: "^0.13.0"
           sha: "02183f9cdbd9f68167a09dd97cfcfa654f7bb7e1"
           version: "0.13.0")
  (package name: "sigil-wasm-audio"
           url: "codeberg:sigil/sigil"
           ref: ">=0.22.8"
           sha: "26cf03de31baf46418ea636a46b264f9d50dcdbe"
           package-selector: "sigil-wasm-audio"
           version: "0.22.8")
  (package name: "sigil-json"
           url: "codeberg:sigil/sigil-json"
           ref: "^0.16.0"
           sha: "55c9e74712b5f79b45d41c65cfe0aef2c8f7e155"
           version: "0.16.0")
  (package name: "sigil-crypto"
           url: "codeberg:sigil/sigil-crypto"
           ref: "^0.16.0"
           sha: "e0a4e8891214b012cdfb1794456eb84d8b9633ad"
           version: "0.16.7")
  (package name: "sigil-sqlite"
           url: "codeberg:sigil/sigil-sqlite"
           ref: "^0.16.0"
           sha: "569ef1063dda8f5989968644af31fc09c64b4bfe"
           version: "0.16.3")
  (package name: "sigil-args"
           url: "codeberg:sigil/sigil"
           ref: ">=0.19"
           sha: "26cf03de31baf46418ea636a46b264f9d50dcdbe"
           package-selector: "sigil-args"
           version: "0.22.8")
  (package name: "sigil-dsp"
           url: "codeberg:sigil/sigil-dsp"
           ref: "^0.3.4"
           sha: "d71f7cd58177b582ce004a0f62d9bf9e7ed9b1e7"
           version: "0.3.4")
  (package name: "sigil-mcp"
           url: "codeberg:sigil/sigil-mcp"
           ref: "^0.18"
           sha: "197a398550b76c29b9f5b464c2407d81ba6cbe34"
           version: "0.18.1")
  (package name: "sigil-log"
           url: "codeberg:sigil/sigil-log"
           ref: "^0.16"
           sha: "56e4fc5a52dc370c037ef14502bb8d6d2876dc53"
           version: "0.16.0")
  (package name: "sigil-http"
           url: "codeberg:sigil/sigil-http"
           ref: "^0.18.5"
           sha: "5710232220dc274c901b436b5e3c856d71b3dbd7"
           version: "0.18.7")
  (package name: "sigil-nrepl"
           url: "codeberg:sigil/sigil-nrepl"
           ref: "^0.17.1"
           sha: "666cb4d09af907e22c5146e74a0b5766ba53a751"
           version: "0.17.2")
  (package name: "sigil-tls"
           url: "codeberg:sigil/sigil-tls"
           ref: "^0.16.5"
           sha: "8b1c4658df861b1c31cd7674d9607249ca7d6a27"
           version: "0.16.7")
  (package name: "sigil-repl"
           url: "codeberg:sigil/sigil"
           ref: ">=0.19"
           sha: "26cf03de31baf46418ea636a46b264f9d50dcdbe"
           package-selector: "sigil-repl"
           version: "0.22.8")
)
